// !$*UTF8*$!
{
	archiveVersion = 1;
	classes = {
	};
	objectVersion = 46;
	objects = {

/* Begin PBXBuildFile section */
		22DAD024D7E2274E4CDABDF3 /* libPods.a in Frameworks */ = {isa = PBXBuildFile; fileRef = 0245AE24E51F405294790BD9 /* libPods.a */; };
		3B9A2B5F1CC5EE28001C7440 /* MeGo.xcdatamodeld in Sources */ = {isa = PBXBuildFile; fileRef = 3B9A2B5D1CC5EE28001C7440 /* MeGo.xcdatamodeld */; };
		3B9A2B611CC5EE28001C7440 /* Assets.xcassets in Resources */ = {isa = PBXBuildFile; fileRef = 3B9A2B601CC5EE28001C7440 /* Assets.xcassets */; };
		3B9A2B6F1CC5EE28001C7440 /* MeGoTests.m in Sources */ = {isa = PBXBuildFile; fileRef = 3B9A2B6E1CC5EE28001C7440 /* MeGoTests.m */; };
		3B9A2B7A1CC5EE28001C7440 /* MeGoUITests.m in Sources */ = {isa = PBXBuildFile; fileRef = 3B9A2B791CC5EE28001C7440 /* MeGoUITests.m */; };
		3BCCA5E61CC743C400D1B3E6 /* LKGroupSaleViewController.m in Sources */ = {isa = PBXBuildFile; fileRef = 3BCCA5DE1CC743C400D1B3E6 /* LKGroupSaleViewController.m */; };
		3BCCA5E71CC743C400D1B3E6 /* LKGroupSaleViewController.xib in Resources */ = {isa = PBXBuildFile; fileRef = 3BCCA5DF1CC743C400D1B3E6 /* LKGroupSaleViewController.xib */; };
		3BCCA5E81CC743C400D1B3E6 /* LKIndexViewController.m in Sources */ = {isa = PBXBuildFile; fileRef = 3BCCA5E11CC743C400D1B3E6 /* LKIndexViewController.m */; };
		3BCCA5E91CC743C400D1B3E6 /* LKIndexViewController.xib in Resources */ = {isa = PBXBuildFile; fileRef = 3BCCA5E21CC743C400D1B3E6 /* LKIndexViewController.xib */; };
		3BCCA5F01CC743FC00D1B3E6 /* AppDelegate.m in Sources */ = {isa = PBXBuildFile; fileRef = 3BCCA5EE1CC743FC00D1B3E6 /* AppDelegate.m */; };
		3BCCA5F11CC743FC00D1B3E6 /* main.m in Sources */ = {isa = PBXBuildFile; fileRef = 3BCCA5EF1CC743FC00D1B3E6 /* main.m */; };
		3BCCA5F51CC7460000D1B3E6 /* LKTabbarController.m in Sources */ = {isa = PBXBuildFile; fileRef = 3BCCA5F41CC7460000D1B3E6 /* LKTabbarController.m */; };
		3BCCA6061CC773B500D1B3E6 /* LKEncryption.m in Sources */ = {isa = PBXBuildFile; fileRef = 3BCCA6021CC773B500D1B3E6 /* LKEncryption.m */; };
		3BCCA60A1CC7742900D1B3E6 /* LKBasedataAPI.m in Sources */ = {isa = PBXBuildFile; fileRef = 3BCCA6091CC7742900D1B3E6 /* LKBasedataAPI.m */; };
		3BCCA60E1CC7758400D1B3E6 /* UIView+LINKExtension.m in Sources */ = {isa = PBXBuildFile; fileRef = 3BCCA60D1CC7758400D1B3E6 /* UIView+LINKExtension.m */; };
		3BCCA6121CC799F500D1B3E6 /* LKCircularBtn.m in Sources */ = {isa = PBXBuildFile; fileRef = 3BCCA6111CC799F500D1B3E6 /* LKCircularBtn.m */; };
		3BCCA6621CC8058400D1B3E6 /* LKIndexPageView.m in Sources */ = {isa = PBXBuildFile; fileRef = 3BCCA6611CC8058400D1B3E6 /* LKIndexPageView.m */; };
		3BF1AF431CC8A48F00B52E02 /* LKNavigationController.m in Sources */ = {isa = PBXBuildFile; fileRef = 3BF1AF421CC8A48F00B52E02 /* LKNavigationController.m */; };
		3BF1AF4C1CC9020E00B52E02 /* LKStoreViewController.m in Sources */ = {isa = PBXBuildFile; fileRef = 3BF1AF4A1CC9020E00B52E02 /* LKStoreViewController.m */; };
		3BF1AF4D1CC9020E00B52E02 /* LKStoreViewController.xib in Resources */ = {isa = PBXBuildFile; fileRef = 3BF1AF4B1CC9020E00B52E02 /* LKStoreViewController.xib */; };
		3BF1AF4F1CC91FAB00B52E02 /* Foundation+Log.m in Sources */ = {isa = PBXBuildFile; fileRef = 3BF1AF4E1CC91FAB00B52E02 /* Foundation+Log.m */; };
		3BF1AF521CC925E100B52E02 /* LKStoreModel.m in Sources */ = {isa = PBXBuildFile; fileRef = 3BF1AF511CC925E100B52E02 /* LKStoreModel.m */; };
/* End PBXBuildFile section */

/* Begin PBXContainerItemProxy section */
		3B9A2B6B1CC5EE28001C7440 /* PBXContainerItemProxy */ = {
			isa = PBXContainerItemProxy;
			containerPortal = 3B9A2B461CC5EE28001C7440 /* Project object */;
			proxyType = 1;
			remoteGlobalIDString = 3B9A2B4D1CC5EE28001C7440;
			remoteInfo = MeGo;
		};
		3B9A2B761CC5EE28001C7440 /* PBXContainerItemProxy */ = {
			isa = PBXContainerItemProxy;
			containerPortal = 3B9A2B461CC5EE28001C7440 /* Project object */;
			proxyType = 1;
			remoteGlobalIDString = 3B9A2B4D1CC5EE28001C7440;
			remoteInfo = MeGo;
		};
/* End PBXContainerItemProxy section */

/* Begin PBXFileReference section */
		0245AE24E51F405294790BD9 /* libPods.a */ = {isa = PBXFileReference; explicitFileType = archive.ar; includeInIndex = 0; path = libPods.a; sourceTree = BUILT_PRODUCTS_DIR; };
		3B9A2B4E1CC5EE28001C7440 /* MeGo.app */ = {isa = PBXFileReference; explicitFileType = wrapper.application; includeInIndex = 0; path = MeGo.app; sourceTree = BUILT_PRODUCTS_DIR; };
		3B9A2B5E1CC5EE28001C7440 /* MeGo.xcdatamodel */ = {isa = PBXFileReference; lastKnownFileType = wrapper.xcdatamodel; path = MeGo.xcdatamodel; sourceTree = "<group>"; };
		3B9A2B601CC5EE28001C7440 /* Assets.xcassets */ = {isa = PBXFileReference; lastKnownFileType = folder.assetcatalog; path = Assets.xcassets; sourceTree = "<group>"; };
		3B9A2B651CC5EE28001C7440 /* Info.plist */ = {isa = PBXFileReference; lastKnownFileType = text.plist.xml; path = Info.plist; sourceTree = "<group>"; };
		3B9A2B6A1CC5EE28001C7440 /* MeGoTests.xctest */ = {isa = PBXFileReference; explicitFileType = wrapper.cfbundle; includeInIndex = 0; path = MeGoTests.xctest; sourceTree = BUILT_PRODUCTS_DIR; };
		3B9A2B6E1CC5EE28001C7440 /* MeGoTests.m */ = {isa = PBXFileReference; lastKnownFileType = sourcecode.c.objc; path = MeGoTests.m; sourceTree = "<group>"; };
		3B9A2B701CC5EE28001C7440 /* Info.plist */ = {isa = PBXFileReference; lastKnownFileType = text.plist.xml; path = Info.plist; sourceTree = "<group>"; };
		3B9A2B751CC5EE28001C7440 /* MeGoUITests.xctest */ = {isa = PBXFileReference; explicitFileType = wrapper.cfbundle; includeInIndex = 0; path = MeGoUITests.xctest; sourceTree = BUILT_PRODUCTS_DIR; };
		3B9A2B791CC5EE28001C7440 /* MeGoUITests.m */ = {isa = PBXFileReference; lastKnownFileType = sourcecode.c.objc; path = MeGoUITests.m; sourceTree = "<group>"; };
		3B9A2B7B1CC5EE28001C7440 /* Info.plist */ = {isa = PBXFileReference; lastKnownFileType = text.plist.xml; path = Info.plist; sourceTree = "<group>"; };
		3BCCA5DD1CC743C400D1B3E6 /* LKGroupSaleViewController.h */ = {isa = PBXFileReference; fileEncoding = 4; lastKnownFileType = sourcecode.c.h; path = LKGroupSaleViewController.h; sourceTree = "<group>"; };
		3BCCA5DE1CC743C400D1B3E6 /* LKGroupSaleViewController.m */ = {isa = PBXFileReference; fileEncoding = 4; lastKnownFileType = sourcecode.c.objc; path = LKGroupSaleViewController.m; sourceTree = "<group>"; };
		3BCCA5DF1CC743C400D1B3E6 /* LKGroupSaleViewController.xib */ = {isa = PBXFileReference; fileEncoding = 4; lastKnownFileType = file.xib; path = LKGroupSaleViewController.xib; sourceTree = "<group>"; };
		3BCCA5E01CC743C400D1B3E6 /* LKIndexViewController.h */ = {isa = PBXFileReference; fileEncoding = 4; lastKnownFileType = sourcecode.c.h; path = LKIndexViewController.h; sourceTree = "<group>"; };
		3BCCA5E11CC743C400D1B3E6 /* LKIndexViewController.m */ = {isa = PBXFileReference; fileEncoding = 4; lastKnownFileType = sourcecode.c.objc; path = LKIndexViewController.m; sourceTree = "<group>"; };
		3BCCA5E21CC743C400D1B3E6 /* LKIndexViewController.xib */ = {isa = PBXFileReference; fileEncoding = 4; lastKnownFileType = file.xib; path = LKIndexViewController.xib; sourceTree = "<group>"; };
		3BCCA5ED1CC743FC00D1B3E6 /* AppDelegate.h */ = {isa = PBXFileReference; fileEncoding = 4; lastKnownFileType = sourcecode.c.h; path = AppDelegate.h; sourceTree = "<group>"; };
		3BCCA5EE1CC743FC00D1B3E6 /* AppDelegate.m */ = {isa = PBXFileReference; fileEncoding = 4; lastKnownFileType = sourcecode.c.objc; path = AppDelegate.m; sourceTree = "<group>"; };
		3BCCA5EF1CC743FC00D1B3E6 /* main.m */ = {isa = PBXFileReference; fileEncoding = 4; lastKnownFileType = sourcecode.c.objc; path = main.m; sourceTree = "<group>"; };
		3BCCA5F31CC7460000D1B3E6 /* LKTabbarController.h */ = {isa = PBXFileReference; fileEncoding = 4; lastKnownFileType = sourcecode.c.h; path = LKTabbarController.h; sourceTree = "<group>"; };
		3BCCA5F41CC7460000D1B3E6 /* LKTabbarController.m */ = {isa = PBXFileReference; fileEncoding = 4; lastKnownFileType = sourcecode.c.objc; path = LKTabbarController.m; sourceTree = "<group>"; };
		3BCCA6011CC773B500D1B3E6 /* LKEncryption.h */ = {isa = PBXFileReference; fileEncoding = 4; lastKnownFileType = sourcecode.c.h; path = LKEncryption.h; sourceTree = "<group>"; };
		3BCCA6021CC773B500D1B3E6 /* LKEncryption.m */ = {isa = PBXFileReference; fileEncoding = 4; lastKnownFileType = sourcecode.c.objc; path = LKEncryption.m; sourceTree = "<group>"; };
		3BCCA6081CC7742900D1B3E6 /* LKBasedataAPI.h */ = {isa = PBXFileReference; fileEncoding = 4; lastKnownFileType = sourcecode.c.h; path = LKBasedataAPI.h; sourceTree = "<group>"; };
		3BCCA6091CC7742900D1B3E6 /* LKBasedataAPI.m */ = {isa = PBXFileReference; fileEncoding = 4; lastKnownFileType = sourcecode.c.objc; path = LKBasedataAPI.m; sourceTree = "<group>"; };
		3BCCA60B1CC7746900D1B3E6 /* PrefixHeader.pch */ = {isa = PBXFileReference; fileEncoding = 4; lastKnownFileType = sourcecode.c.h; path = PrefixHeader.pch; sourceTree = "<group>"; };
		3BCCA60C1CC7758400D1B3E6 /* UIView+LINKExtension.h */ = {isa = PBXFileReference; fileEncoding = 4; lastKnownFileType = sourcecode.c.h; path = "UIView+LINKExtension.h"; sourceTree = "<group>"; };
		3BCCA60D1CC7758400D1B3E6 /* UIView+LINKExtension.m */ = {isa = PBXFileReference; fileEncoding = 4; lastKnownFileType = sourcecode.c.objc; path = "UIView+LINKExtension.m"; sourceTree = "<group>"; };
		3BCCA6101CC799F500D1B3E6 /* LKCircularBtn.h */ = {isa = PBXFileReference; fileEncoding = 4; lastKnownFileType = sourcecode.c.h; path = LKCircularBtn.h; sourceTree = "<group>"; };
		3BCCA6111CC799F500D1B3E6 /* LKCircularBtn.m */ = {isa = PBXFileReference; fileEncoding = 4; lastKnownFileType = sourcecode.c.objc; path = LKCircularBtn.m; sourceTree = "<group>"; };
		3BCCA6601CC8058400D1B3E6 /* LKIndexPageView.h */ = {isa = PBXFileReference; fileEncoding = 4; lastKnownFileType = sourcecode.c.h; path = LKIndexPageView.h; sourceTree = "<group>"; };
		3BCCA6611CC8058400D1B3E6 /* LKIndexPageView.m */ = {isa = PBXFileReference; fileEncoding = 4; lastKnownFileType = sourcecode.c.objc; path = LKIndexPageView.m; sourceTree = "<group>"; };
		3BF1AF411CC8A48F00B52E02 /* LKNavigationController.h */ = {isa = PBXFileReference; fileEncoding = 4; lastKnownFileType = sourcecode.c.h; path = LKNavigationController.h; sourceTree = "<group>"; };
		3BF1AF421CC8A48F00B52E02 /* LKNavigationController.m */ = {isa = PBXFileReference; fileEncoding = 4; lastKnownFileType = sourcecode.c.objc; path = LKNavigationController.m; sourceTree = "<group>"; };
		3BF1AF491CC9020E00B52E02 /* LKStoreViewController.h */ = {isa = PBXFileReference; fileEncoding = 4; lastKnownFileType = sourcecode.c.h; path = LKStoreViewController.h; sourceTree = "<group>"; };
		3BF1AF4A1CC9020E00B52E02 /* LKStoreViewController.m */ = {isa = PBXFileReference; fileEncoding = 4; lastKnownFileType = sourcecode.c.objc; path = LKStoreViewController.m; sourceTree = "<group>"; };
		3BF1AF4B1CC9020E00B52E02 /* LKStoreViewController.xib */ = {isa = PBXFileReference; fileEncoding = 4; lastKnownFileType = file.xib; path = LKStoreViewController.xib; sourceTree = "<group>"; };
		3BF1AF4E1CC91FAB00B52E02 /* Foundation+Log.m */ = {isa = PBXFileReference; fileEncoding = 4; lastKnownFileType = sourcecode.c.objc; path = "Foundation+Log.m"; sourceTree = "<group>"; };
		3BF1AF501CC925E100B52E02 /* LKStoreModel.h */ = {isa = PBXFileReference; fileEncoding = 4; lastKnownFileType = sourcecode.c.h; path = LKStoreModel.h; sourceTree = "<group>"; };
		3BF1AF511CC925E100B52E02 /* LKStoreModel.m */ = {isa = PBXFileReference; fileEncoding = 4; lastKnownFileType = sourcecode.c.objc; path = LKStoreModel.m; sourceTree = "<group>"; };
		9123AC89C1A1CE91796B358C /* Pods.debug.xcconfig */ = {isa = PBXFileReference; includeInIndex = 1; lastKnownFileType = text.xcconfig; name = Pods.debug.xcconfig; path = "Pods/Target Support Files/Pods/Pods.debug.xcconfig"; sourceTree = "<group>"; };
		CDC7D20899174FE09AC27DD7 /* Pods.release.xcconfig */ = {isa = PBXFileReference; includeInIndex = 1; lastKnownFileType = text.xcconfig; name = Pods.release.xcconfig; path = "Pods/Target Support Files/Pods/Pods.release.xcconfig"; sourceTree = "<group>"; };
/* End PBXFileReference section */

/* Begin PBXFrameworksBuildPhase section */
		3B9A2B4B1CC5EE28001C7440 /* Frameworks */ = {
			isa = PBXFrameworksBuildPhase;
			buildActionMask = 2147483647;
			files = (
				22DAD024D7E2274E4CDABDF3 /* libPods.a in Frameworks */,
			);
			runOnlyForDeploymentPostprocessing = 0;
		};
		3B9A2B671CC5EE28001C7440 /* Frameworks */ = {
			isa = PBXFrameworksBuildPhase;
			buildActionMask = 2147483647;
			files = (
			);
			runOnlyForDeploymentPostprocessing = 0;
		};
		3B9A2B721CC5EE28001C7440 /* Frameworks */ = {
			isa = PBXFrameworksBuildPhase;
			buildActionMask = 2147483647;
			files = (
			);
			runOnlyForDeploymentPostprocessing = 0;
		};
/* End PBXFrameworksBuildPhase section */

/* Begin PBXGroup section */
		3B9A2B451CC5EE28001C7440 = {
			isa = PBXGroup;
			children = (
				3B9A2B501CC5EE28001C7440 /* MeGo */,
				3B9A2B6D1CC5EE28001C7440 /* MeGoTests */,
				3B9A2B781CC5EE28001C7440 /* MeGoUITests */,
				3B9A2B4F1CC5EE28001C7440 /* Products */,
				CA3497329BDF6325B56E7701 /* Pods */,
				ADBB278334A68240415F4CC7 /* Frameworks */,
			);
			sourceTree = "<group>";
		};
		3B9A2B4F1CC5EE28001C7440 /* Products */ = {
			isa = PBXGroup;
			children = (
				3B9A2B4E1CC5EE28001C7440 /* MeGo.app */,
				3B9A2B6A1CC5EE28001C7440 /* MeGoTests.xctest */,
				3B9A2B751CC5EE28001C7440 /* MeGoUITests.xctest */,
			);
			name = Products;
			sourceTree = "<group>";
		};
		3B9A2B501CC5EE28001C7440 /* MeGo */ = {
			isa = PBXGroup;
			children = (
				3BCCA60F1CC796CB00D1B3E6 /* Element */,
				3BCCA5DC1CC743C400D1B3E6 /* Controller */,
				3BCCA5FF1CC773B500D1B3E6 /* Service */,
				3B9A2B511CC5EE28001C7440 /* Supporting Files */,
			);
			path = MeGo;
			sourceTree = "<group>";
		};
		3B9A2B511CC5EE28001C7440 /* Supporting Files */ = {
			isa = PBXGroup;
			children = (
				3BCCA5ED1CC743FC00D1B3E6 /* AppDelegate.h */,
				3BCCA5EE1CC743FC00D1B3E6 /* AppDelegate.m */,
				3BF1AF4E1CC91FAB00B52E02 /* Foundation+Log.m */,
				3BCCA60C1CC7758400D1B3E6 /* UIView+LINKExtension.h */,
				3BCCA60D1CC7758400D1B3E6 /* UIView+LINKExtension.m */,
				3BCCA5EF1CC743FC00D1B3E6 /* main.m */,
				3BCCA60B1CC7746900D1B3E6 /* PrefixHeader.pch */,
				3B9A2B601CC5EE28001C7440 /* Assets.xcassets */,
				3B9A2B651CC5EE28001C7440 /* Info.plist */,
				3B9A2B5D1CC5EE28001C7440 /* MeGo.xcdatamodeld */,
			);
			name = "Supporting Files";
			sourceTree = "<group>";
		};
		3B9A2B6D1CC5EE28001C7440 /* MeGoTests */ = {
			isa = PBXGroup;
			children = (
				3B9A2B6E1CC5EE28001C7440 /* MeGoTests.m */,
				3B9A2B701CC5EE28001C7440 /* Info.plist */,
			);
			path = MeGoTests;
			sourceTree = "<group>";
		};
		3B9A2B781CC5EE28001C7440 /* MeGoUITests */ = {
			isa = PBXGroup;
			children = (
				3B9A2B791CC5EE28001C7440 /* MeGoUITests.m */,
				3B9A2B7B1CC5EE28001C7440 /* Info.plist */,
			);
			path = MeGoUITests;
			sourceTree = "<group>";
		};
		3BCCA5DC1CC743C400D1B3E6 /* Controller */ = {
			isa = PBXGroup;
			children = (
				3BCCA5E01CC743C400D1B3E6 /* LKIndexViewController.h */,
				3BCCA5E11CC743C400D1B3E6 /* LKIndexViewController.m */,
				3BCCA5E21CC743C400D1B3E6 /* LKIndexViewController.xib */,
				3BF1AF491CC9020E00B52E02 /* LKStoreViewController.h */,
				3BF1AF4A1CC9020E00B52E02 /* LKStoreViewController.m */,
				3BF1AF4B1CC9020E00B52E02 /* LKStoreViewController.xib */,
				3BCCA5DD1CC743C400D1B3E6 /* LKGroupSaleViewController.h */,
				3BCCA5DE1CC743C400D1B3E6 /* LKGroupSaleViewController.m */,
				3BCCA5DF1CC743C400D1B3E6 /* LKGroupSaleViewController.xib */,
				3BCCA5F21CC7460000D1B3E6 /* Root */,
			);
			path = Controller;
			sourceTree = "<group>";
		};
		3BCCA5F21CC7460000D1B3E6 /* Root */ = {
			isa = PBXGroup;
			children = (
				3BCCA5F31CC7460000D1B3E6 /* LKTabbarController.h */,
				3BCCA5F41CC7460000D1B3E6 /* LKTabbarController.m */,
				3BF1AF411CC8A48F00B52E02 /* LKNavigationController.h */,
				3BF1AF421CC8A48F00B52E02 /* LKNavigationController.m */,
			);
			path = Root;
			sourceTree = "<group>";
		};
		3BCCA5FF1CC773B500D1B3E6 /* Service */ = {
			isa = PBXGroup;
			children = (
				3BCCA6001CC773B500D1B3E6 /* Data */,
				3BCCA6051CC773B500D1B3E6 /* NetWork */,
				3BCCA6011CC773B500D1B3E6 /* LKEncryption.h */,
				3BCCA6021CC773B500D1B3E6 /* LKEncryption.m */,
				3BCCA6081CC7742900D1B3E6 /* LKBasedataAPI.h */,
				3BCCA6091CC7742900D1B3E6 /* LKBasedataAPI.m */,
			);
			path = Service;
			sourceTree = "<group>";
		};
		3BCCA6001CC773B500D1B3E6 /* Data */ = {
			isa = PBXGroup;
			children = (
				3BF1AF501CC925E100B52E02 /* LKStoreModel.h */,
				3BF1AF511CC925E100B52E02 /* LKStoreModel.m */,
			);
			path = Data;
			sourceTree = "<group>";
		};
		3BCCA6051CC773B500D1B3E6 /* NetWork */ = {
			isa = PBXGroup;
			children = (
			);
			path = NetWork;
			sourceTree = "<group>";
		};
		3BCCA60F1CC796CB00D1B3E6 /* Element */ = {
			isa = PBXGroup;
			children = (
				3BCCA6101CC799F500D1B3E6 /* LKCircularBtn.h */,
				3BCCA6111CC799F500D1B3E6 /* LKCircularBtn.m */,
				3BCCA6601CC8058400D1B3E6 /* LKIndexPageView.h */,
				3BCCA6611CC8058400D1B3E6 /* LKIndexPageView.m */,
			);
			path = Element;
			sourceTree = "<group>";
		};
		ADBB278334A68240415F4CC7 /* Frameworks */ = {
			isa = PBXGroup;
			children = (
				0245AE24E51F405294790BD9 /* libPods.a */,
			);
			name = Frameworks;
			sourceTree = "<group>";
		};
		CA3497329BDF6325B56E7701 /* Pods */ = {
			isa = PBXGroup;
			children = (
				9123AC89C1A1CE91796B358C /* Pods.debug.xcconfig */,
				CDC7D20899174FE09AC27DD7 /* Pods.release.xcconfig */,
			);
			name = Pods;
			sourceTree = "<group>";
		};
/* End PBXGroup section */

/* Begin PBXNativeTarget section */
		3B9A2B4D1CC5EE28001C7440 /* MeGo */ = {
			isa = PBXNativeTarget;
			buildConfigurationList = 3B9A2B7E1CC5EE28001C7440 /* Build configuration list for PBXNativeTarget "MeGo" */;
			buildPhases = (
				5FD2A59CF2D4512D9837965E /* Check Pods Manifest.lock */,
				3B9A2B4A1CC5EE28001C7440 /* Sources */,
				3B9A2B4B1CC5EE28001C7440 /* Frameworks */,
				3B9A2B4C1CC5EE28001C7440 /* Resources */,
				50EFD59DCFCF0A95CAD440F0 /* Embed Pods Frameworks */,
				A655FB9B1BB943F0ACB112C0 /* Copy Pods Resources */,
			);
			buildRules = (
			);
			dependencies = (
			);
			name = MeGo;
			productName = MeGo;
			productReference = 3B9A2B4E1CC5EE28001C7440 /* MeGo.app */;
			productType = "com.apple.product-type.application";
		};
		3B9A2B691CC5EE28001C7440 /* MeGoTests */ = {
			isa = PBXNativeTarget;
			buildConfigurationList = 3B9A2B811CC5EE28001C7440 /* Build configuration list for PBXNativeTarget "MeGoTests" */;
			buildPhases = (
				3B9A2B661CC5EE28001C7440 /* Sources */,
				3B9A2B671CC5EE28001C7440 /* Frameworks */,
				3B9A2B681CC5EE28001C7440 /* Resources */,
			);
			buildRules = (
			);
			dependencies = (
				3B9A2B6C1CC5EE28001C7440 /* PBXTargetDependency */,
			);
			name = MeGoTests;
			productName = MeGoTests;
			productReference = 3B9A2B6A1CC5EE28001C7440 /* MeGoTests.xctest */;
			productType = "com.apple.product-type.bundle.unit-test";
		};
		3B9A2B741CC5EE28001C7440 /* MeGoUITests */ = {
			isa = PBXNativeTarget;
			buildConfigurationList = 3B9A2B841CC5EE28001C7440 /* Build configuration list for PBXNativeTarget "MeGoUITests" */;
			buildPhases = (
				3B9A2B711CC5EE28001C7440 /* Sources */,
				3B9A2B721CC5EE28001C7440 /* Frameworks */,
				3B9A2B731CC5EE28001C7440 /* Resources */,
			);
			buildRules = (
			);
			dependencies = (
				3B9A2B771CC5EE28001C7440 /* PBXTargetDependency */,
			);
			name = MeGoUITests;
			productName = MeGoUITests;
			productReference = 3B9A2B751CC5EE28001C7440 /* MeGoUITests.xctest */;
			productType = "com.apple.product-type.bundle.ui-testing";
		};
/* End PBXNativeTarget section */

/* Begin PBXProject section */
		3B9A2B461CC5EE28001C7440 /* Project object */ = {
			isa = PBXProject;
			attributes = {
				CLASSPREFIX = LK;
				LastUpgradeCheck = 0720;
				ORGANIZATIONNAME = com.link;
				TargetAttributes = {
					3B9A2B4D1CC5EE28001C7440 = {
						CreatedOnToolsVersion = 7.2;
						DevelopmentTeam = Y892HGW99U;
					};
					3B9A2B691CC5EE28001C7440 = {
						CreatedOnToolsVersion = 7.2;
						DevelopmentTeam = Y892HGW99U;
						TestTargetID = 3B9A2B4D1CC5EE28001C7440;
					};
					3B9A2B741CC5EE28001C7440 = {
						CreatedOnToolsVersion = 7.2;
						DevelopmentTeam = Y892HGW99U;
						TestTargetID = 3B9A2B4D1CC5EE28001C7440;
					};
				};
			};
			buildConfigurationList = 3B9A2B491CC5EE28001C7440 /* Build configuration list for PBXProject "MeGo" */;
			compatibilityVersion = "Xcode 3.2";
			developmentRegion = English;
			hasScannedForEncodings = 0;
			knownRegions = (
				en,
				Base,
			);
			mainGroup = 3B9A2B451CC5EE28001C7440;
			productRefGroup = 3B9A2B4F1CC5EE28001C7440 /* Products */;
			projectDirPath = "";
			projectRoot = "";
			targets = (
				3B9A2B4D1CC5EE28001C7440 /* MeGo */,
				3B9A2B691CC5EE28001C7440 /* MeGoTests */,
				3B9A2B741CC5EE28001C7440 /* MeGoUITests */,
			);
		};
/* End PBXProject section */

/* Begin PBXResourcesBuildPhase section */
		3B9A2B4C1CC5EE28001C7440 /* Resources */ = {
			isa = PBXResourcesBuildPhase;
			buildActionMask = 2147483647;
			files = (
				3BCCA5E71CC743C400D1B3E6 /* LKGroupSaleViewController.xib in Resources */,
				3BF1AF4D1CC9020E00B52E02 /* LKStoreViewController.xib in Resources */,
				3BCCA5E91CC743C400D1B3E6 /* LKIndexViewController.xib in Resources */,
				3B9A2B611CC5EE28001C7440 /* Assets.xcassets in Resources */,
			);
			runOnlyForDeploymentPostprocessing = 0;
		};
		3B9A2B681CC5EE28001C7440 /* Resources */ = {
			isa = PBXResourcesBuildPhase;
			buildActionMask = 2147483647;
			files = (
			);
			runOnlyForDeploymentPostprocessing = 0;
		};
		3B9A2B731CC5EE28001C7440 /* Resources */ = {
			isa = PBXResourcesBuildPhase;
			buildActionMask = 2147483647;
			files = (
			);
			runOnlyForDeploymentPostprocessing = 0;
		};
/* End PBXResourcesBuildPhase section */

/* Begin PBXShellScriptBuildPhase section */
		50EFD59DCFCF0A95CAD440F0 /* Embed Pods Frameworks */ = {
			isa = PBXShellScriptBuildPhase;
			buildActionMask = 2147483647;
			files = (
			);
			inputPaths = (
			);
			name = "Embed Pods Frameworks";
			outputPaths = (
			);
			runOnlyForDeploymentPostprocessing = 0;
			shellPath = /bin/sh;
			shellScript = "\"${SRCROOT}/Pods/Target Support Files/Pods/Pods-frameworks.sh\"\n";
			showEnvVarsInLog = 0;
		};
		5FD2A59CF2D4512D9837965E /* Check Pods Manifest.lock */ = {
			isa = PBXShellScriptBuildPhase;
			buildActionMask = 2147483647;
			files = (
			);
			inputPaths = (
			);
			name = "Check Pods Manifest.lock";
			outputPaths = (
			);
			runOnlyForDeploymentPostprocessing = 0;
			shellPath = /bin/sh;
			shellScript = "diff \"${PODS_ROOT}/../Podfile.lock\" \"${PODS_ROOT}/Manifest.lock\" > /dev/null\nif [[ $? != 0 ]] ; then\n    cat << EOM\nerror: The sandbox is not in sync with the Podfile.lock. Run 'pod install' or update your CocoaPods installation.\nEOM\n    exit 1\nfi\n";
			showEnvVarsInLog = 0;
		};
		A655FB9B1BB943F0ACB112C0 /* Copy Pods Resources */ = {
			isa = PBXShellScriptBuildPhase;
			buildActionMask = 2147483647;
			files = (
			);
			inputPaths = (
			);
			name = "Copy Pods Resources";
			outputPaths = (
			);
			runOnlyForDeploymentPostprocessing = 0;
			shellPath = /bin/sh;
			shellScript = "\"${SRCROOT}/Pods/Target Support Files/Pods/Pods-resources.sh\"\n";
			showEnvVarsInLog = 0;
		};
/* End PBXShellScriptBuildPhase section */

/* Begin PBXSourcesBuildPhase section */
		3B9A2B4A1CC5EE28001C7440 /* Sources */ = {
			isa = PBXSourcesBuildPhase;
			buildActionMask = 2147483647;
			files = (
				3BCCA60A1CC7742900D1B3E6 /* LKBasedataAPI.m in Sources */,
				3BF1AF4F1CC91FAB00B52E02 /* Foundation+Log.m in Sources */,
				3BCCA5E61CC743C400D1B3E6 /* LKGroupSaleViewController.m in Sources */,
				3BCCA6621CC8058400D1B3E6 /* LKIndexPageView.m in Sources */,
				3BCCA5E81CC743C400D1B3E6 /* LKIndexViewController.m in Sources */,
				3BF1AF521CC925E100B52E02 /* LKStoreModel.m in Sources */,
				3B9A2B5F1CC5EE28001C7440 /* MeGo.xcdatamodeld in Sources */,
				3BCCA6121CC799F500D1B3E6 /* LKCircularBtn.m in Sources */,
				3BCCA5F11CC743FC00D1B3E6 /* main.m in Sources */,
				3BCCA6061CC773B500D1B3E6 /* LKEncryption.m in Sources */,
				3BCCA5F51CC7460000D1B3E6 /* LKTabbarController.m in Sources */,
				3BF1AF4C1CC9020E00B52E02 /* LKStoreViewController.m in Sources */,
				3BCCA5F01CC743FC00D1B3E6 /* AppDelegate.m in Sources */,
				3BF1AF431CC8A48F00B52E02 /* LKNavigationController.m in Sources */,
				3BCCA60E1CC7758400D1B3E6 /* UIView+LINKExtension.m in Sources */,
			);
			runOnlyForDeploymentPostprocessing = 0;
		};
		3B9A2B661CC5EE28001C7440 /* Sources */ = {
			isa = PBXSourcesBuildPhase;
			buildActionMask = 2147483647;
			files = (
				3B9A2B6F1CC5EE28001C7440 /* MeGoTests.m in Sources */,
			);
			runOnlyForDeploymentPostprocessing = 0;
		};
		3B9A2B711CC5EE28001C7440 /* Sources */ = {
			isa = PBXSourcesBuildPhase;
			buildActionMask = 2147483647;
			files = (
				3B9A2B7A1CC5EE28001C7440 /* MeGoUITests.m in Sources */,
			);
			runOnlyForDeploymentPostprocessing = 0;
		};
/* End PBXSourcesBuildPhase section */

/* Begin PBXTargetDependency section */
		3B9A2B6C1CC5EE28001C7440 /* PBXTargetDependency */ = {
			isa = PBXTargetDependency;
			target = 3B9A2B4D1CC5EE28001C7440 /* MeGo */;
			targetProxy = 3B9A2B6B1CC5EE28001C7440 /* PBXContainerItemProxy */;
		};
		3B9A2B771CC5EE28001C7440 /* PBXTargetDependency */ = {
			isa = PBXTargetDependency;
			target = 3B9A2B4D1CC5EE28001C7440 /* MeGo */;
			targetProxy = 3B9A2B761CC5EE28001C7440 /* PBXContainerItemProxy */;
		};
/* End PBXTargetDependency section */

/* Begin XCBuildConfiguration section */
		3B9A2B7C1CC5EE28001C7440 /* Debug */ = {
			isa = XCBuildConfiguration;
			buildSettings = {
				ALWAYS_SEARCH_USER_PATHS = NO;
				CLANG_CXX_LANGUAGE_STANDARD = "gnu++0x";
				CLANG_CXX_LIBRARY = "libc++";
				CLANG_ENABLE_MODULES = YES;
				CLANG_ENABLE_OBJC_ARC = YES;
				CLANG_WARN_BOOL_CONVERSION = YES;
				CLANG_WARN_CONSTANT_CONVERSION = YES;
				CLANG_WARN_DIRECT_OBJC_ISA_USAGE = YES_ERROR;
				CLANG_WARN_EMPTY_BODY = YES;
				CLANG_WARN_ENUM_CONVERSION = YES;
				CLANG_WARN_INT_CONVERSION = YES;
				CLANG_WARN_OBJC_ROOT_CLASS = YES_ERROR;
				CLANG_WARN_UNREACHABLE_CODE = YES;
				CLANG_WARN__DUPLICATE_METHOD_MATCH = YES;
				"CODE_SIGN_IDENTITY[sdk=iphoneos*]" = "iPhone Developer";
				COPY_PHASE_STRIP = NO;
				DEBUG_INFORMATION_FORMAT = dwarf;
				ENABLE_STRICT_OBJC_MSGSEND = YES;
				ENABLE_TESTABILITY = YES;
				GCC_C_LANGUAGE_STANDARD = gnu99;
				GCC_DYNAMIC_NO_PIC = NO;
				GCC_NO_COMMON_BLOCKS = YES;
				GCC_OPTIMIZATION_LEVEL = 0;
				GCC_PREPROCESSOR_DEFINITIONS = (
					"DEBUG=1",
					"$(inherited)",
				);
				GCC_WARN_64_TO_32_BIT_CONVERSION = YES;
				GCC_WARN_ABOUT_RETURN_TYPE = YES_ERROR;
				GCC_WARN_UNDECLARED_SELECTOR = YES;
				GCC_WARN_UNINITIALIZED_AUTOS = YES_AGGRESSIVE;
				GCC_WARN_UNUSED_FUNCTION = YES;
				GCC_WARN_UNUSED_VARIABLE = YES;
				IPHONEOS_DEPLOYMENT_TARGET = 9.2;
				MTL_ENABLE_DEBUG_INFO = YES;
				ONLY_ACTIVE_ARCH = YES;
				SDKROOT = iphoneos;
				TARGETED_DEVICE_FAMILY = "1,2";
			};
			name = Debug;
		};
		3B9A2B7D1CC5EE28001C7440 /* Release */ = {
			isa = XCBuildConfiguration;
			buildSettings = {
				ALWAYS_SEARCH_USER_PATHS = NO;
				CLANG_CXX_LANGUAGE_STANDARD = "gnu++0x";
				CLANG_CXX_LIBRARY = "libc++";
				CLANG_ENABLE_MODULES = YES;
				CLANG_ENABLE_OBJC_ARC = YES;
				CLANG_WARN_BOOL_CONVERSION = YES;
				CLANG_WARN_CONSTANT_CONVERSION = YES;
				CLANG_WARN_DIRECT_OBJC_ISA_USAGE = YES_ERROR;
				CLANG_WARN_EMPTY_BODY = YES;
				CLANG_WARN_ENUM_CONVERSION = YES;
				CLANG_WARN_INT_CONVERSION = YES;
				CLANG_WARN_OBJC_ROOT_CLASS = YES_ERROR;
				CLANG_WARN_UNREACHABLE_CODE = YES;
				CLANG_WARN__DUPLICATE_METHOD_MATCH = YES;
				"CODE_SIGN_IDENTITY[sdk=iphoneos*]" = "iPhone Developer";
				COPY_PHASE_STRIP = NO;
				DEBUG_INFORMATION_FORMAT = "dwarf-with-dsym";
				ENABLE_NS_ASSERTIONS = NO;
				ENABLE_STRICT_OBJC_MSGSEND = YES;
				GCC_C_LANGUAGE_STANDARD = gnu99;
				GCC_NO_COMMON_BLOCKS = YES;
				GCC_WARN_64_TO_32_BIT_CONVERSION = YES;
				GCC_WARN_ABOUT_RETURN_TYPE = YES_ERROR;
				GCC_WARN_UNDECLARED_SELECTOR = YES;
				GCC_WARN_UNINITIALIZED_AUTOS = YES_AGGRESSIVE;
				GCC_WARN_UNUSED_FUNCTION = YES;
				GCC_WARN_UNUSED_VARIABLE = YES;
				IPHONEOS_DEPLOYMENT_TARGET = 9.2;
				MTL_ENABLE_DEBUG_INFO = NO;
				SDKROOT = iphoneos;
				TARGETED_DEVICE_FAMILY = "1,2";
				VALIDATE_PRODUCT = YES;
			};
			name = Release;
		};
		3B9A2B7F1CC5EE28001C7440 /* Debug */ = {
			isa = XCBuildConfiguration;
			baseConfigurationReference = 9123AC89C1A1CE91796B358C /* Pods.debug.xcconfig */;
			buildSettings = {
				ASSETCATALOG_COMPILER_APPICON_NAME = AppIcon;
				ASSETCATALOG_COMPILER_LAUNCHIMAGE_NAME = "Brand Assets";
				GCC_PREFIX_HEADER = MeGo/PrefixHeader.pch;
				INFOPLIST_FILE = MeGo/Info.plist;
				IPHONEOS_DEPLOYMENT_TARGET = 7.0;
				LD_RUNPATH_SEARCH_PATHS = "$(inherited) @executable_path/Frameworks";
				PRODUCT_BUNDLE_IDENTIFIER = LinkinGroup.MeGo;
				PRODUCT_NAME = "$(TARGET_NAME)";
			};
			name = Debug;
		};
		3B9A2B801CC5EE28001C7440 /* Release */ = {
			isa = XCBuildConfiguration;
			baseConfigurationReference = CDC7D20899174FE09AC27DD7 /* Pods.release.xcconfig */;
			buildSettings = {
				ASSETCATALOG_COMPILER_APPICON_NAME = AppIcon;
				ASSETCATALOG_COMPILER_LAUNCHIMAGE_NAME = "Brand Assets";
				GCC_PREFIX_HEADER = MeGo/PrefixHeader.pch;
				INFOPLIST_FILE = MeGo/Info.plist;
				IPHONEOS_DEPLOYMENT_TARGET = 7.0;
				LD_RUNPATH_SEARCH_PATHS = "$(inherited) @executable_path/Frameworks";
				PRODUCT_BUNDLE_IDENTIFIER = LinkinGroup.MeGo;
				PRODUCT_NAME = "$(TARGET_NAME)";
			};
			name = Release;
		};
		3B9A2B821CC5EE28001C7440 /* Debug */ = {
			isa = XCBuildConfiguration;
			buildSettings = {
				BUNDLE_LOADER = "$(TEST_HOST)";
				INFOPLIST_FILE = MeGoTests/Info.plist;
				LD_RUNPATH_SEARCH_PATHS = "$(inherited) @executable_path/Frameworks @loader_path/Frameworks";
				PRODUCT_BUNDLE_IDENTIFIER = LinkinGroup.MeGoTests;
				PRODUCT_NAME = "$(TARGET_NAME)";
				TEST_HOST = "$(BUILT_PRODUCTS_DIR)/MeGo.app/MeGo";
			};
			name = Debug;
		};
		3B9A2B831CC5EE28001C7440 /* Release */ = {
			isa = XCBuildConfiguration;
			buildSettings = {
				BUNDLE_LOADER = "$(TEST_HOST)";
				INFOPLIST_FILE = MeGoTests/Info.plist;
				LD_RUNPATH_SEARCH_PATHS = "$(inherited) @executable_path/Frameworks @loader_path/Frameworks";
				PRODUCT_BUNDLE_IDENTIFIER = LinkinGroup.MeGoTests;
				PRODUCT_NAME = "$(TARGET_NAME)";
				TEST_HOST = "$(BUILT_PRODUCTS_DIR)/MeGo.app/MeGo";
			};
			name = Release;
		};
		3B9A2B851CC5EE28001C7440 /* Debug */ = {
			isa = XCBuildConfiguration;
			buildSettings = {
				INFOPLIST_FILE = MeGoUITests/Info.plist;
				LD_RUNPATH_SEARCH_PATHS = "$(inherited) @executable_path/Frameworks @loader_path/Frameworks";
				PRODUCT_BUNDLE_IDENTIFIER = LinkinGroup.MeGoUITests;
				PRODUCT_NAME = "$(TARGET_NAME)";
				TEST_TARGET_NAME = MeGo;
				USES_XCTRUNNER = YES;
			};
			name = Debug;
		};
		3B9A2B861CC5EE28001C7440 /* Release */ = {
			isa = XCBuildConfiguration;
			buildSettings = {
				INFOPLIST_FILE = MeGoUITests/Info.plist;
				LD_RUNPATH_SEARCH_PATHS = "$(inherited) @executable_path/Frameworks @loader_path/Frameworks";
				PRODUCT_BUNDLE_IDENTIFIER = LinkinGroup.MeGoUITests;
				PRODUCT_NAME = "$(TARGET_NAME)";
				TEST_TARGET_NAME = MeGo;
				USES_XCTRUNNER = YES;
			};
			name = Release;
		};
/* End XCBuildConfiguration section */

/* Begin XCConfigurationList section */
		3B9A2B491CC5EE28001C7440 /* Build configuration list for PBXProject "MeGo" */ = {
			isa = XCConfigurationList;
			buildConfigurations = (
				3B9A2B7C1CC5EE28001C7440 /* Debug */,
				3B9A2B7D1CC5EE28001C7440 /* Release */,
			);
			defaultConfigurationIsVisible = 0;
			defaultConfigurationName = Release;
		};
		3B9A2B7E1CC5EE28001C7440 /* Build configuration list for PBXNativeTarget "MeGo" */ = {
			isa = XCConfigurationList;
			buildConfigurations = (
				3B9A2B7F1CC5EE28001C7440 /* Debug */,
				3B9A2B801CC5EE28001C7440 /* Release */,
			);
			defaultConfigurationIsVisible = 0;
			defaultConfigurationName = Release;
		};
		3B9A2B811CC5EE28001C7440 /* Build configuration list for PBXNativeTarget "MeGoTests" */ = {
			isa = XCConfigurationList;
			buildConfigurations = (
				3B9A2B821CC5EE28001C7440 /* Debug */,
				3B9A2B831CC5EE28001C7440 /* Release */,
			);
			defaultConfigurationIsVisible = 0;
			defaultConfigurationName = Release;
		};
		3B9A2B841CC5EE28001C7440 /* Build configuration list for PBXNativeTarget "MeGoUITests" */ = {
			isa = XCConfigurationList;
			buildConfigurations = (
				3B9A2B851CC5EE28001C7440 /* Debug */,
				3B9A2B861CC5EE28001C7440 /* Release */,
			);
			defaultConfigurationIsVisible = 0;
			defaultConfigurationName = Release;
		};
/* End XCConfigurationList section */

/* Begin XCVersionGroup section */
		3B9A2B5D1CC5EE28001C7440 /* MeGo.xcdatamodeld */ = {
			isa = XCVersionGroup;
			children = (
				3B9A2B5E1CC5EE28001C7440 /* MeGo.xcdatamodel */,
			);
			currentVersion = 3B9A2B5E1CC5EE28001C7440 /* MeGo.xcdatamodel */;
			path = MeGo.xcdatamodeld;
			sourceTree = "<group>";
			versionGroupType = wrapper.xcdatamodel;
		};
/* End XCVersionGroup section */
	};
	rootObject = 3B9A2B461CC5EE28001C7440 /* Project object */;
}
